
Microsoft Visual Studio Solution File, Format Version 12.00
# Visual Studio Version 16
VisualStudioVersion = 16.0.29424.173
MinimumVisualStudioVersion = 10.0.40219.1
Project("{FAE04EC0-301F-11D3-BF4B-00C04F79EFBC}") = "NameAndAge", "NameAndAge\NameAndAge.csproj", "{AA872C54-D55B-4483-9358-AAA44DCD6789}"
EndProject
Global
	GlobalSection(SolutionConfigurationPlatforms) = preSolution
		Debug|Any CPU = Debug|Any CPU
		Release|Any CPU = Release|Any CPU
	EndGlobalSection
	GlobalSection(ProjectConfigurationPlatforms) = postSolution
		{AA872C54-D55B-4483-9358-AAA44DCD6789}.Debug|Any CPU.ActiveCfg = Debug|Any CPU
		{AA872C54-D55B-4483-9358-AAA44DCD6789}.Debug|Any CPU.Build.0 = Debug|Any CPU
		{AA872C54-D55B-4483-9358-AAA44DCD6789}.Release|Any CPU.ActiveCfg = Release|Any CPU
		{AA872C54-D55B-4483-9358-AAA44DCD6789}.Release|Any CPU.Build.0 = Release|Any CPU
	EndGlobalSection
	GlobalSection(SolutionProperties) = preSolution
		HideSolutionNode = FALSE
	EndGlobalSection
	GlobalSection(ExtensibilityGlobals) = postSolution
		SolutionGuid = {38E54C3B-2EC7-41AB-AF30-C41D309CC7E3}
	EndGlobalSection
EndGlobal
