
Microsoft Visual Studio Solution File, Format Version 12.00
# Visual Studio Version 16
VisualStudioVersion = 16.0.29503.13
MinimumVisualStudioVersion = 10.0.40219.1
Project("{FAE04EC0-301F-11D3-BF4B-00C04F79EFBC}") = "backpack1", "backpack1\backpack1.csproj", "{58AFFF2B-40CA-45B8-B436-99D14531A6D0}"
EndProject
Global
	GlobalSection(SolutionConfigurationPlatforms) = preSolution
		Debug|Any CPU = Debug|Any CPU
		Release|Any CPU = Release|Any CPU
	EndGlobalSection
	GlobalSection(ProjectConfigurationPlatforms) = postSolution
		{58AFFF2B-40CA-45B8-B436-99D14531A6D0}.Debug|Any CPU.ActiveCfg = Debug|Any CPU
		{58AFFF2B-40CA-45B8-B436-99D14531A6D0}.Debug|Any CPU.Build.0 = Debug|Any CPU
		{58AFFF2B-40CA-45B8-B436-99D14531A6D0}.Release|Any CPU.ActiveCfg = Release|Any CPU
		{58AFFF2B-40CA-45B8-B436-99D14531A6D0}.Release|Any CPU.Build.0 = Release|Any CPU
	EndGlobalSection
	GlobalSection(SolutionProperties) = preSolution
		HideSolutionNode = FALSE
	EndGlobalSection
	GlobalSection(ExtensibilityGlobals) = postSolution
		SolutionGuid = {20294616-E806-4155-B62E-5633BD7ED809}
	EndGlobalSection
EndGlobal
