
Microsoft Visual Studio Solution File, Format Version 12.00
# Visual Studio Version 16
VisualStudioVersion = 16.0.29613.14
MinimumVisualStudioVersion = 10.0.40219.1
Project("{FAE04EC0-301F-11D3-BF4B-00C04F79EFBC}") = "ConvertList", "ConvertList\ConvertList.csproj", "{C0AE9D3C-3E38-457B-BAA0-DB6651C6A3EE}"
EndProject
Global
	GlobalSection(SolutionConfigurationPlatforms) = preSolution
		Debug|Any CPU = Debug|Any CPU
		Release|Any CPU = Release|Any CPU
	EndGlobalSection
	GlobalSection(ProjectConfigurationPlatforms) = postSolution
		{C0AE9D3C-3E38-457B-BAA0-DB6651C6A3EE}.Debug|Any CPU.ActiveCfg = Debug|Any CPU
		{C0AE9D3C-3E38-457B-BAA0-DB6651C6A3EE}.Debug|Any CPU.Build.0 = Debug|Any CPU
		{C0AE9D3C-3E38-457B-BAA0-DB6651C6A3EE}.Release|Any CPU.ActiveCfg = Release|Any CPU
		{C0AE9D3C-3E38-457B-BAA0-DB6651C6A3EE}.Release|Any CPU.Build.0 = Release|Any CPU
	EndGlobalSection
	GlobalSection(SolutionProperties) = preSolution
		HideSolutionNode = FALSE
	EndGlobalSection
	GlobalSection(ExtensibilityGlobals) = postSolution
		SolutionGuid = {B3F929C3-752D-4E83-A351-37B41C9438E9}
	EndGlobalSection
EndGlobal
